
Microsoft Visual Studio Solution File, Format Version 12.00
# Visual Studio 15
VisualStudioVersion = 15.0.27703.2026
MinimumVisualStudioVersion = 10.0.40219.1
Project("{FAE04EC0-301F-11D3-BF4B-00C04F79EFBC}") = "HumanResource_WPF", "HumanResource_WPF\HumanResource_WPF.csproj", "{2817C8C3-E842-4308-9A09-67B1393BA454}"
EndProject
Global
	GlobalSection(SolutionConfigurationPlatforms) = preSolution
		Debug|Any CPU = Debug|Any CPU
		Release|Any CPU = Release|Any CPU
	EndGlobalSection
	GlobalSection(ProjectConfigurationPlatforms) = postSolution
		{2817C8C3-E842-4308-9A09-67B1393BA454}.Debug|Any CPU.ActiveCfg = Debug|Any CPU
		{2817C8C3-E842-4308-9A09-67B1393BA454}.Debug|Any CPU.Build.0 = Debug|Any CPU
		{2817C8C3-E842-4308-9A09-67B1393BA454}.Release|Any CPU.ActiveCfg = Release|Any CPU
		{2817C8C3-E842-4308-9A09-67B1393BA454}.Release|Any CPU.Build.0 = Release|Any CPU
	EndGlobalSection
	GlobalSection(SolutionProperties) = preSolution
		HideSolutionNode = FALSE
	EndGlobalSection
	GlobalSection(ExtensibilityGlobals) = postSolution
		SolutionGuid = {C6DD226E-6519-4AE1-939B-B5DFE9A8BDA2}
	EndGlobalSection
EndGlobal
